
Microsoft Visual Studio Solution File, Format Version 12.00
# Visual Studio Version 17
VisualStudioVersion = 17.11.35303.130
MinimumVisualStudioVersion = 10.0.40219.1
Project("{FAE04EC0-301F-11D3-BF4B-00C04F79EFBC}") = "ASC.Web", "ASC.Web\ASC.Web.csproj", "{9B31FE2A-5CE8-4472-8C51-10785AD18127}"
EndProject
Global
	GlobalSection(SolutionConfigurationPlatforms) = preSolution
		Debug|Any CPU = Debug|Any CPU
		Release|Any CPU = Release|Any CPU
	EndGlobalSection
	GlobalSection(ProjectConfigurationPlatforms) = postSolution
		{9B31FE2A-5CE8-4472-8C51-10785AD18127}.Debug|Any CPU.ActiveCfg = Debug|Any CPU
		{9B31FE2A-5CE8-4472-8C51-10785AD18127}.Debug|Any CPU.Build.0 = Debug|Any CPU
		{9B31FE2A-5CE8-4472-8C51-10785AD18127}.Release|Any CPU.ActiveCfg = Release|Any CPU
		{9B31FE2A-5CE8-4472-8C51-10785AD18127}.Release|Any CPU.Build.0 = Release|Any CPU
	EndGlobalSection
	GlobalSection(SolutionProperties) = preSolution
		HideSolutionNode = FALSE
	EndGlobalSection
	GlobalSection(ExtensibilityGlobals) = postSolution
		SolutionGuid = {FC6D9CB1-D75E-41E8-AD23-692F4D521870}
	EndGlobalSection
EndGlobal
